// !$*UTF8*$!
{
	archiveVersion = 1;
	classes = {
	};
	objectVersion = 50;
	objects = {

/* Begin PBXBuildFile section */
		6F52DA1F240726FA00F7196B /* AppDelegate.swift in Sources */ = {isa = PBXBuildFile; fileRef = 6F52DA1E240726FA00F7196B /* AppDelegate.swift */; };
		6F52DA21240726FA00F7196B /* SceneDelegate.swift in Sources */ = {isa = PBXBuildFile; fileRef = 6F52DA20240726FA00F7196B /* SceneDelegate.swift */; };
		6F52DA23240726FA00F7196B /* ViewController.swift in Sources */ = {isa = PBXBuildFile; fileRef = 6F52DA22240726FA00F7196B /* ViewController.swift */; };
		6F52DA26240726FA00F7196B /* Main.storyboard in Resources */ = {isa = PBXBuildFile; fileRef = 6F52DA24240726FA00F7196B /* Main.storyboard */; };
		6F52DA28240726FC00F7196B /* Assets.xcassets in Resources */ = {isa = PBXBuildFile; fileRef = 6F52DA27240726FC00F7196B /* Assets.xcassets */; };
		6F52DA2B240726FC00F7196B /* LaunchScreen.storyboard in Resources */ = {isa = PBXBuildFile; fileRef = 6F52DA29240726FC00F7196B /* LaunchScreen.storyboard */; };
		6F52DA36240726FC00F7196B /* MusicByLocationTests.swift in Sources */ = {isa = PBXBuildFile; fileRef = 6F52DA35240726FC00F7196B /* MusicByLocationTests.swift */; };
		6F52DA41240726FC00F7196B /* MusicByLocationUITests.swift in Sources */ = {isa = PBXBuildFile; fileRef = 6F52DA40240726FC00F7196B /* MusicByLocationUITests.swift */; };
		6F85073D240F130D003BBAE7 /* ITunesAdaptor.swift in Sources */ = {isa = PBXBuildFile; fileRef = 6F85073C240F130D003BBAE7 /* ITunesAdaptor.swift */; };
		6FAE2E9B240E42F70088D853 /* ArtistResponse.swift in Sources */ = {isa = PBXBuildFile; fileRef = 6FAE2E9A240E42F70088D853 /* ArtistResponse.swift */; };
		6FAE2E9D240E43550088D853 /* Artist.swift in Sources */ = {isa = PBXBuildFile; fileRef = 6FAE2E9C240E43550088D853 /* Artist.swift */; };
/* End PBXBuildFile section */

/* Begin PBXContainerItemProxy section */
		6F52DA32240726FC00F7196B /* PBXContainerItemProxy */ = {
			isa = PBXContainerItemProxy;
			containerPortal = 6F52DA13240726FA00F7196B /* Project object */;
			proxyType = 1;
			remoteGlobalIDString = 6F52DA1A240726FA00F7196B;
			remoteInfo = MusicByLocation;
		};
		6F52DA3D240726FC00F7196B /* PBXContainerItemProxy */ = {
			isa = PBXContainerItemProxy;
			containerPortal = 6F52DA13240726FA00F7196B /* Project object */;
			proxyType = 1;
			remoteGlobalIDString = 6F52DA1A240726FA00F7196B;
			remoteInfo = MusicByLocation;
		};
/* End PBXContainerItemProxy section */

/* Begin PBXFileReference section */
		6F52DA1B240726FA00F7196B /* MusicByLocation.app */ = {isa = PBXFileReference; explicitFileType = wrapper.application; includeInIndex = 0; path = MusicByLocation.app; sourceTree = BUILT_PRODUCTS_DIR; };
		6F52DA1E240726FA00F7196B /* AppDelegate.swift */ = {isa = PBXFileReference; lastKnownFileType = sourcecode.swift; path = AppDelegate.swift; sourceTree = "<group>"; };
		6F52DA20240726FA00F7196B /* SceneDelegate.swift */ = {isa = PBXFileReference; lastKnownFileType = sourcecode.swift; path = SceneDelegate.swift; sourceTree = "<group>"; };
		6F52DA22240726FA00F7196B /* ViewController.swift */ = {isa = PBXFileReference; lastKnownFileType = sourcecode.swift; path = ViewController.swift; sourceTree = "<group>"; };
		6F52DA25240726FA00F7196B /* Base */ = {isa = PBXFileReference; lastKnownFileType = file.storyboard; name = Base; path = Base.lproj/Main.storyboard; sourceTree = "<group>"; };
		6F52DA27240726FC00F7196B /* Assets.xcassets */ = {isa = PBXFileReference; lastKnownFileType = folder.assetcatalog; path = Assets.xcassets; sourceTree = "<group>"; };
		6F52DA2A240726FC00F7196B /* Base */ = {isa = PBXFileReference; lastKnownFileType = file.storyboard; name = Base; path = Base.lproj/LaunchScreen.storyboard; sourceTree = "<group>"; };
		6F52DA2C240726FC00F7196B /* Info.plist */ = {isa = PBXFileReference; lastKnownFileType = text.plist.xml; path = Info.plist; sourceTree = "<group>"; };
		6F52DA31240726FC00F7196B /* MusicByLocationTests.xctest */ = {isa = PBXFileReference; explicitFileType = wrapper.cfbundle; includeInIndex = 0; path = MusicByLocationTests.xctest; sourceTree = BUILT_PRODUCTS_DIR; };
		6F52DA35240726FC00F7196B /* MusicByLocationTests.swift */ = {isa = PBXFileReference; lastKnownFileType = sourcecode.swift; path = MusicByLocationTests.swift; sourceTree = "<group>"; };
		6F52DA37240726FC00F7196B /* Info.plist */ = {isa = PBXFileReference; lastKnownFileType = text.plist.xml; path = Info.plist; sourceTree = "<group>"; };
		6F52DA3C240726FC00F7196B /* MusicByLocationUITests.xctest */ = {isa = PBXFileReference; explicitFileType = wrapper.cfbundle; includeInIndex = 0; path = MusicByLocationUITests.xctest; sourceTree = BUILT_PRODUCTS_DIR; };
		6F52DA40240726FC00F7196B /* MusicByLocationUITests.swift */ = {isa = PBXFileReference; lastKnownFileType = sourcecode.swift; path = MusicByLocationUITests.swift; sourceTree = "<group>"; };
		6F52DA42240726FC00F7196B /* Info.plist */ = {isa = PBXFileReference; lastKnownFileType = text.plist.xml; path = Info.plist; sourceTree = "<group>"; };
		6F85073C240F130D003BBAE7 /* ITunesAdaptor.swift */ = {isa = PBXFileReference; lastKnownFileType = sourcecode.swift; path = ITunesAdaptor.swift; sourceTree = "<group>"; };
		6FAE2E9A240E42F70088D853 /* ArtistResponse.swift */ = {isa = PBXFileReference; lastKnownFileType = sourcecode.swift; path = ArtistResponse.swift; sourceTree = "<group>"; };
		6FAE2E9C240E43550088D853 /* Artist.swift */ = {isa = PBXFileReference; lastKnownFileType = sourcecode.swift; path = Artist.swift; sourceTree = "<group>"; };
/* End PBXFileReference section */

/* Begin PBXFrameworksBuildPhase section */
		6F52DA18240726FA00F7196B /* Frameworks */ = {
			isa = PBXFrameworksBuildPhase;
			buildActionMask = 2147483647;
			files = (
			);
			runOnlyForDeploymentPostprocessing = 0;
		};
		6F52DA2E240726FC00F7196B /* Frameworks */ = {
			isa = PBXFrameworksBuildPhase;
			buildActionMask = 2147483647;
			files = (
			);
			runOnlyForDeploymentPostprocessing = 0;
		};
		6F52DA39240726FC00F7196B /* Frameworks */ = {
			isa = PBXFrameworksBuildPhase;
			buildActionMask = 2147483647;
			files = (
			);
			runOnlyForDeploymentPostprocessing = 0;
		};
/* End PBXFrameworksBuildPhase section */

/* Begin PBXGroup section */
		6F52DA12240726FA00F7196B = {
			isa = PBXGroup;
			children = (
				6F52DA1D240726FA00F7196B /* MusicByLocation */,
				6F52DA34240726FC00F7196B /* MusicByLocationTests */,
				6F52DA3F240726FC00F7196B /* MusicByLocationUITests */,
				6F52DA1C240726FA00F7196B /* Products */,
			);
			sourceTree = "<group>";
		};
		6F52DA1C240726FA00F7196B /* Products */ = {
			isa = PBXGroup;
			children = (
				6F52DA1B240726FA00F7196B /* MusicByLocation.app */,
				6F52DA31240726FC00F7196B /* MusicByLocationTests.xctest */,
				6F52DA3C240726FC00F7196B /* MusicByLocationUITests.xctest */,
			);
			name = Products;
			sourceTree = "<group>";
		};
		6F52DA1D240726FA00F7196B /* MusicByLocation */ = {
			isa = PBXGroup;
			children = (
				6F52DA1E240726FA00F7196B /* AppDelegate.swift */,
				6F52DA20240726FA00F7196B /* SceneDelegate.swift */,
				6F52DA22240726FA00F7196B /* ViewController.swift */,
				6F52DA24240726FA00F7196B /* Main.storyboard */,
				6F52DA27240726FC00F7196B /* Assets.xcassets */,
				6F52DA29240726FC00F7196B /* LaunchScreen.storyboard */,
				6F52DA2C240726FC00F7196B /* Info.plist */,
				6FAE2E9A240E42F70088D853 /* ArtistResponse.swift */,
				6FAE2E9C240E43550088D853 /* Artist.swift */,
				6F85073C240F130D003BBAE7 /* ITunesAdaptor.swift */,
			);
			path = MusicByLocation;
			sourceTree = "<group>";
		};
		6F52DA34240726FC00F7196B /* MusicByLocationTests */ = {
			isa = PBXGroup;
			children = (
				6F52DA35240726FC00F7196B /* MusicByLocationTests.swift */,
				6F52DA37240726FC00F7196B /* Info.plist */,
			);
			path = MusicByLocationTests;
			sourceTree = "<group>";
		};
		6F52DA3F240726FC00F7196B /* MusicByLocationUITests */ = {
			isa = PBXGroup;
			children = (
				6F52DA40240726FC00F7196B /* MusicByLocationUITests.swift */,
				6F52DA42240726FC00F7196B /* Info.plist */,
			);
			path = MusicByLocationUITests;
			sourceTree = "<group>";
		};
/* End PBXGroup section */

/* Begin PBXNativeTarget section */
		6F52DA1A240726FA00F7196B /* MusicByLocation */ = {
			isa = PBXNativeTarget;
			buildConfigurationList = 6F52DA45240726FC00F7196B /* Build configuration list for PBXNativeTarget "MusicByLocation" */;
			buildPhases = (
				6F52DA17240726FA00F7196B /* Sources */,
				6F52DA18240726FA00F7196B /* Frameworks */,
				6F52DA19240726FA00F7196B /* Resources */,
			);
			buildRules = (
			);
			dependencies = (
			);
			name = MusicByLocation;
			productName = MusicByLocation;
			productReference = 6F52DA1B240726FA00F7196B /* MusicByLocation.app */;
			productType = "com.apple.product-type.application";
		};
		6F52DA30240726FC00F7196B /* MusicByLocationTests */ = {
			isa = PBXNativeTarget;
			buildConfigurationList = 6F52DA48240726FC00F7196B /* Build configuration list for PBXNativeTarget "MusicByLocationTests" */;
			buildPhases = (
				6F52DA2D240726FC00F7196B /* Sources */,
				6F52DA2E240726FC00F7196B /* Frameworks */,
				6F52DA2F240726FC00F7196B /* Resources */,
			);
			buildRules = (
			);
			dependencies = (
				6F52DA33240726FC00F7196B /* PBXTargetDependency */,
			);
			name = MusicByLocationTests;
			productName = MusicByLocationTests;
			productReference = 6F52DA31240726FC00F7196B /* MusicByLocationTests.xctest */;
			productType = "com.apple.product-type.bundle.unit-test";
		};
		6F52DA3B240726FC00F7196B /* MusicByLocationUITests */ = {
			isa = PBXNativeTarget;
			buildConfigurationList = 6F52DA4B240726FC00F7196B /* Build configuration list for PBXNativeTarget "MusicByLocationUITests" */;
			buildPhases = (
				6F52DA38240726FC00F7196B /* Sources */,
				6F52DA39240726FC00F7196B /* Frameworks */,
				6F52DA3A240726FC00F7196B /* Resources */,
			);
			buildRules = (
			);
			dependencies = (
				6F52DA3E240726FC00F7196B /* PBXTargetDependency */,
			);
			name = MusicByLocationUITests;
			productName = MusicByLocationUITests;
			productReference = 6F52DA3C240726FC00F7196B /* MusicByLocationUITests.xctest */;
			productType = "com.apple.product-type.bundle.ui-testing";
		};
/* End PBXNativeTarget section */

/* Begin PBXProject section */
		6F52DA13240726FA00F7196B /* Project object */ = {
			isa = PBXProject;
			attributes = {
				LastSwiftUpdateCheck = 1130;
				LastUpgradeCheck = 1130;
				ORGANIZATIONNAME = "David Bryson";
				TargetAttributes = {
					6F52DA1A240726FA00F7196B = {
						CreatedOnToolsVersion = 11.3;
					};
					6F52DA30240726FC00F7196B = {
						CreatedOnToolsVersion = 11.3;
						TestTargetID = 6F52DA1A240726FA00F7196B;
					};
					6F52DA3B240726FC00F7196B = {
						CreatedOnToolsVersion = 11.3;
						TestTargetID = 6F52DA1A240726FA00F7196B;
					};
				};
			};
			buildConfigurationList = 6F52DA16240726FA00F7196B /* Build configuration list for PBXProject "MusicByLocation" */;
			compatibilityVersion = "Xcode 9.3";
			developmentRegion = en;
			hasScannedForEncodings = 0;
			knownRegions = (
				en,
				Base,
			);
			mainGroup = 6F52DA12240726FA00F7196B;
			productRefGroup = 6F52DA1C240726FA00F7196B /* Products */;
			projectDirPath = "";
			projectRoot = "";
			targets = (
				6F52DA1A240726FA00F7196B /* MusicByLocation */,
				6F52DA30240726FC00F7196B /* MusicByLocationTests */,
				6F52DA3B240726FC00F7196B /* MusicByLocationUITests */,
			);
		};
/* End PBXProject section */

/* Begin PBXResourcesBuildPhase section */
		6F52DA19240726FA00F7196B /* Resources */ = {
			isa = PBXResourcesBuildPhase;
			buildActionMask = 2147483647;
			files = (
				6F52DA2B240726FC00F7196B /* LaunchScreen.storyboard in Resources */,
				6F52DA28240726FC00F7196B /* Assets.xcassets in Resources */,
				6F52DA26240726FA00F7196B /* Main.storyboard in Resources */,
			);
			runOnlyForDeploymentPostprocessing = 0;
		};
		6F52DA2F240726FC00F7196B /* Resources */ = {
			isa = PBXResourcesBuildPhase;
			buildActionMask = 2147483647;
			files = (
			);
			runOnlyForDeploymentPostprocessing = 0;
		};
		6F52DA3A240726FC00F7196B /* Resources */ = {
			isa = PBXResourcesBuildPhase;
			buildActionMask = 2147483647;
			files = (
			);
			runOnlyForDeploymentPostprocessing = 0;
		};
/* End PBXResourcesBuildPhase section */

/* Begin PBXSourcesBuildPhase section */
		6F52DA17240726FA00F7196B /* Sources */ = {
			isa = PBXSourcesBuildPhase;
			buildActionMask = 2147483647;
			files = (
				6F52DA23240726FA00F7196B /* ViewController.swift in Sources */,
				6F85073D240F130D003BBAE7 /* ITunesAdaptor.swift in Sources */,
				6FAE2E9B240E42F70088D853 /* ArtistResponse.swift in Sources */,
				6F52DA1F240726FA00F7196B /* AppDelegate.swift in Sources */,
				6FAE2E9D240E43550088D853 /* Artist.swift in Sources */,
				6F52DA21240726FA00F7196B /* SceneDelegate.swift in Sources */,
			);
			runOnlyForDeploymentPostprocessing = 0;
		};
		6F52DA2D240726FC00F7196B /* Sources */ = {
			isa = PBXSourcesBuildPhase;
			buildActionMask = 2147483647;
			files = (
				6F52DA36240726FC00F7196B /* MusicByLocationTests.swift in Sources */,
			);
			runOnlyForDeploymentPostprocessing = 0;
		};
		6F52DA38240726FC00F7196B /* Sources */ = {
			isa = PBXSourcesBuildPhase;
			buildActionMask = 2147483647;
			files = (
				6F52DA41240726FC00F7196B /* MusicByLocationUITests.swift in Sources */,
			);
			runOnlyForDeploymentPostprocessing = 0;
		};
/* End PBXSourcesBuildPhase section */

/* Begin PBXTargetDependency section */
		6F52DA33240726FC00F7196B /* PBXTargetDependency */ = {
			isa = PBXTargetDependency;
			target = 6F52DA1A240726FA00F7196B /* MusicByLocation */;
			targetProxy = 6F52DA32240726FC00F7196B /* PBXContainerItemProxy */;
		};
		6F52DA3E240726FC00F7196B /* PBXTargetDependency */ = {
			isa = PBXTargetDependency;
			target = 6F52DA1A240726FA00F7196B /* MusicByLocation */;
			targetProxy = 6F52DA3D240726FC00F7196B /* PBXContainerItemProxy */;
		};
/* End PBXTargetDependency section */

/* Begin PBXVariantGroup section */
		6F52DA24240726FA00F7196B /* Main.storyboard */ = {
			isa = PBXVariantGroup;
			children = (
				6F52DA25240726FA00F7196B /* Base */,
			);
			name = Main.storyboard;
			sourceTree = "<group>";
		};
		6F52DA29240726FC00F7196B /* LaunchScreen.storyboard */ = {
			isa = PBXVariantGroup;
			children = (
				6F52DA2A240726FC00F7196B /* Base */,
			);
			name = LaunchScreen.storyboard;
			sourceTree = "<group>";
		};
/* End PBXVariantGroup section */

/* Begin XCBuildConfiguration section */
		6F52DA43240726FC00F7196B /* Debug */ = {
			isa = XCBuildConfiguration;
			buildSettings = {
				ALWAYS_SEARCH_USER_PATHS = NO;
				CLANG_ANALYZER_NONNULL = YES;
				CLANG_ANALYZER_NUMBER_OBJECT_CONVERSION = YES_AGGRESSIVE;
				CLANG_CXX_LANGUAGE_STANDARD = "gnu++14";
				CLANG_CXX_LIBRARY = "libc++";
				CLANG_ENABLE_MODULES = YES;
				CLANG_ENABLE_OBJC_ARC = YES;
				CLANG_ENABLE_OBJC_WEAK = YES;
				CLANG_WARN_BLOCK_CAPTURE_AUTORELEASING = YES;
				CLANG_WARN_BOOL_CONVERSION = YES;
				CLANG_WARN_COMMA = YES;
				CLANG_WARN_CONSTANT_CONVERSION = YES;
				CLANG_WARN_DEPRECATED_OBJC_IMPLEMENTATIONS = YES;
				CLANG_WARN_DIRECT_OBJC_ISA_USAGE = YES_ERROR;
				CLANG_WARN_DOCUMENTATION_COMMENTS = YES;
				CLANG_WARN_EMPTY_BODY = YES;
				CLANG_WARN_ENUM_CONVERSION = YES;
				CLANG_WARN_INFINITE_RECURSION = YES;
				CLANG_WARN_INT_CONVERSION = YES;
				CLANG_WARN_NON_LITERAL_NULL_CONVERSION = YES;
				CLANG_WARN_OBJC_IMPLICIT_RETAIN_SELF = YES;
				CLANG_WARN_OBJC_LITERAL_CONVERSION = YES;
				CLANG_WARN_OBJC_ROOT_CLASS = YES_ERROR;
				CLANG_WARN_RANGE_LOOP_ANALYSIS = YES;
				CLANG_WARN_STRICT_PROTOTYPES = YES;
				CLANG_WARN_SUSPICIOUS_MOVE = YES;
				CLANG_WARN_UNGUARDED_AVAILABILITY = YES_AGGRESSIVE;
				CLANG_WARN_UNREACHABLE_CODE = YES;
				CLANG_WARN__DUPLICATE_METHOD_MATCH = YES;
				COPY_PHASE_STRIP = NO;
				DEBUG_INFORMATION_FORMAT = dwarf;
				ENABLE_STRICT_OBJC_MSGSEND = YES;
				ENABLE_TESTABILITY = YES;
				GCC_C_LANGUAGE_STANDARD = gnu11;
				GCC_DYNAMIC_NO_PIC = NO;
				GCC_NO_COMMON_BLOCKS = YES;
				GCC_OPTIMIZATION_LEVEL = 0;
				GCC_PREPROCESSOR_DEFINITIONS = (
					"DEBUG=1",
					"$(inherited)",
				);
				GCC_WARN_64_TO_32_BIT_CONVERSION = YES;
				GCC_WARN_ABOUT_RETURN_TYPE = YES_ERROR;
				GCC_WARN_UNDECLARED_SELECTOR = YES;
				GCC_WARN_UNINITIALIZED_AUTOS = YES_AGGRESSIVE;
				GCC_WARN_UNUSED_FUNCTION = YES;
				GCC_WARN_UNUSED_VARIABLE = YES;
				IPHONEOS_DEPLOYMENT_TARGET = 13.2;
				MTL_ENABLE_DEBUG_INFO = INCLUDE_SOURCE;
				MTL_FAST_MATH = YES;
				ONLY_ACTIVE_ARCH = YES;
				SDKROOT = iphoneos;
				SWIFT_ACTIVE_COMPILATION_CONDITIONS = DEBUG;
				SWIFT_OPTIMIZATION_LEVEL = "-Onone";
			};
			name = Debug;
		};
		6F52DA44240726FC00F7196B /* Release */ = {
			isa = XCBuildConfiguration;
			buildSettings = {
				ALWAYS_SEARCH_USER_PATHS = NO;
				CLANG_ANALYZER_NONNULL = YES;
				CLANG_ANALYZER_NUMBER_OBJECT_CONVERSION = YES_AGGRESSIVE;
				CLANG_CXX_LANGUAGE_STANDARD = "gnu++14";
				CLANG_CXX_LIBRARY = "libc++";
				CLANG_ENABLE_MODULES = YES;
				CLANG_ENABLE_OBJC_ARC = YES;
				CLANG_ENABLE_OBJC_WEAK = YES;
				CLANG_WARN_BLOCK_CAPTURE_AUTORELEASING = YES;
				CLANG_WARN_BOOL_CONVERSION = YES;
				CLANG_WARN_COMMA = YES;
				CLANG_WARN_CONSTANT_CONVERSION = YES;
				CLANG_WARN_DEPRECATED_OBJC_IMPLEMENTATIONS = YES;
				CLANG_WARN_DIRECT_OBJC_ISA_USAGE = YES_ERROR;
				CLANG_WARN_DOCUMENTATION_COMMENTS = YES;
				CLANG_WARN_EMPTY_BODY = YES;
				CLANG_WARN_ENUM_CONVERSION = YES;
				CLANG_WARN_INFINITE_RECURSION = YES;
				CLANG_WARN_INT_CONVERSION = YES;
				CLANG_WARN_NON_LITERAL_NULL_CONVERSION = YES;
				CLANG_WARN_OBJC_IMPLICIT_RETAIN_SELF = YES;
				CLANG_WARN_OBJC_LITERAL_CONVERSION = YES;
				CLANG_WARN_OBJC_ROOT_CLASS = YES_ERROR;
				CLANG_WARN_RANGE_LOOP_ANALYSIS = YES;
				CLANG_WARN_STRICT_PROTOTYPES = YES;
				CLANG_WARN_SUSPICIOUS_MOVE = YES;
				CLANG_WARN_UNGUARDED_AVAILABILITY = YES_AGGRESSIVE;
				CLANG_WARN_UNREACHABLE_CODE = YES;
				CLANG_WARN__DUPLICATE_METHOD_MATCH = YES;
				COPY_PHASE_STRIP = NO;
				DEBUG_INFORMATION_FORMAT = "dwarf-with-dsym";
				ENABLE_NS_ASSERTIONS = NO;
				ENABLE_STRICT_OBJC_MSGSEND = YES;
				GCC_C_LANGUAGE_STANDARD = gnu11;
				GCC_NO_COMMON_BLOCKS = YES;
				GCC_WARN_64_TO_32_BIT_CONVERSION = YES;
				GCC_WARN_ABOUT_RETURN_TYPE = YES_ERROR;
				GCC_WARN_UNDECLARED_SELECTOR = YES;
				GCC_WARN_UNINITIALIZED_AUTOS = YES_AGGRESSIVE;
				GCC_WARN_UNUSED_FUNCTION = YES;
				GCC_WARN_UNUSED_VARIABLE = YES;
				IPHONEOS_DEPLOYMENT_TARGET = 13.2;
				MTL_ENABLE_DEBUG_INFO = NO;
				MTL_FAST_MATH = YES;
				SDKROOT = iphoneos;
				SWIFT_COMPILATION_MODE = wholemodule;
				SWIFT_OPTIMIZATION_LEVEL = "-O";
				VALIDATE_PRODUCT = YES;
			};
			name = Release;
		};
		6F52DA46240726FC00F7196B /* Debug */ = {
			isa = XCBuildConfiguration;
			buildSettings = {
				ASSETCATALOG_COMPILER_APPICON_NAME = AppIcon;
				CODE_SIGN_STYLE = Automatic;
				INFOPLIST_FILE = MusicByLocation/Info.plist;
				LD_RUNPATH_SEARCH_PATHS = (
					"$(inherited)",
					"@executable_path/Frameworks",
				);
				PRODUCT_BUNDLE_IDENTIFIER = com.brysond.MusicByLocation;
				PRODUCT_NAME = "$(TARGET_NAME)";
				SWIFT_VERSION = 5.0;
				TARGETED_DEVICE_FAMILY = "1,2";
			};
			name = Debug;
		};
		6F52DA47240726FC00F7196B /* Release */ = {
			isa = XCBuildConfiguration;
			buildSettings = {
				ASSETCATALOG_COMPILER_APPICON_NAME = AppIcon;
				CODE_SIGN_STYLE = Automatic;
				INFOPLIST_FILE = MusicByLocation/Info.plist;
				LD_RUNPATH_SEARCH_PATHS = (
					"$(inherited)",
					"@executable_path/Frameworks",
				);
				PRODUCT_BUNDLE_IDENTIFIER = com.brysond.MusicByLocation;
				PRODUCT_NAME = "$(TARGET_NAME)";
				SWIFT_VERSION = 5.0;
				TARGETED_DEVICE_FAMILY = "1,2";
			};
			name = Release;
		};
		6F52DA49240726FC00F7196B /* Debug */ = {
			isa = XCBuildConfiguration;
			buildSettings = {
				ALWAYS_EMBED_SWIFT_STANDARD_LIBRARIES = YES;
				BUNDLE_LOADER = "$(TEST_HOST)";
				CODE_SIGN_STYLE = Automatic;
				INFOPLIST_FILE = MusicByLocationTests/Info.plist;
				IPHONEOS_DEPLOYMENT_TARGET = 13.2;
				LD_RUNPATH_SEARCH_PATHS = (
					"$(inherited)",
					"@executable_path/Frameworks",
					"@loader_path/Frameworks",
				);
				PRODUCT_BUNDLE_IDENTIFIER = com.brysond.MusicByLocationTests;
				PRODUCT_NAME = "$(TARGET_NAME)";
				SWIFT_VERSION = 5.0;
				TARGETED_DEVICE_FAMILY = "1,2";
				TEST_HOST = "$(BUILT_PRODUCTS_DIR)/MusicByLocation.app/MusicByLocation";
			};
			name = Debug;
		};
		6F52DA4A240726FC00F7196B /* Release */ = {
			isa = XCBuildConfiguration;
			buildSettings = {
				ALWAYS_EMBED_SWIFT_STANDARD_LIBRARIES = YES;
				BUNDLE_LOADER = "$(TEST_HOST)";
				CODE_SIGN_STYLE = Automatic;
				INFOPLIST_FILE = MusicByLocationTests/Info.plist;
				IPHONEOS_DEPLOYMENT_TARGET = 13.2;
				LD_RUNPATH_SEARCH_PATHS = (
					"$(inherited)",
					"@executable_path/Frameworks",
					"@loader_path/Frameworks",
				);
				PRODUCT_BUNDLE_IDENTIFIER = com.brysond.MusicByLocationTests;
				PRODUCT_NAME = "$(TARGET_NAME)";
				SWIFT_VERSION = 5.0;
				TARGETED_DEVICE_FAMILY = "1,2";
				TEST_HOST = "$(BUILT_PRODUCTS_DIR)/MusicByLocation.app/MusicByLocation";
			};
			name = Release;
		};
		6F52DA4C240726FC00F7196B /* Debug */ = {
			isa = XCBuildConfiguration;
			buildSettings = {
				ALWAYS_EMBED_SWIFT_STANDARD_LIBRARIES = YES;
				CODE_SIGN_STYLE = Automatic;
				INFOPLIST_FILE = MusicByLocationUITests/Info.plist;
				LD_RUNPATH_SEARCH_PATHS = (
					"$(inherited)",
					"@executable_path/Frameworks",
					"@loader_path/Frameworks",
				);
				PRODUCT_BUNDLE_IDENTIFIER = com.brysond.MusicByLocationUITests;
				PRODUCT_NAME = "$(TARGET_NAME)";
				SWIFT_VERSION = 5.0;
				TARGETED_DEVICE_FAMILY = "1,2";
				TEST_TARGET_NAME = MusicByLocation;
			};
			name = Debug;
		};
		6F52DA4D240726FC00F7196B /* Release */ = {
			isa = XCBuildConfiguration;
			buildSettings = {
				ALWAYS_EMBED_SWIFT_STANDARD_LIBRARIES = YES;
				CODE_SIGN_STYLE = Automatic;
				INFOPLIST_FILE = MusicByLocationUITests/Info.plist;
				LD_RUNPATH_SEARCH_PATHS = (
					"$(inherited)",
					"@executable_path/Frameworks",
					"@loader_path/Frameworks",
				);
				PRODUCT_BUNDLE_IDENTIFIER = com.brysond.MusicByLocationUITests;
				PRODUCT_NAME = "$(TARGET_NAME)";
				SWIFT_VERSION = 5.0;
				TARGETED_DEVICE_FAMILY = "1,2";
				TEST_TARGET_NAME = MusicByLocation;
			};
			name = Release;
		};
/* End XCBuildConfiguration section */

/* Begin XCConfigurationList section */
		6F52DA16240726FA00F7196B /* Build configuration list for PBXProject "MusicByLocation" */ = {
			isa = XCConfigurationList;
			buildConfigurations = (
				6F52DA43240726FC00F7196B /* Debug */,
				6F52DA44240726FC00F7196B /* Release */,
			);
			defaultConfigurationIsVisible = 0;
			defaultConfigurationName = Release;
		};
		6F52DA45240726FC00F7196B /* Build configuration list for PBXNativeTarget "MusicByLocation" */ = {
			isa = XCConfigurationList;
			buildConfigurations = (
				6F52DA46240726FC00F7196B /* Debug */,
				6F52DA47240726FC00F7196B /* Release */,
			);
			defaultConfigurationIsVisible = 0;
			defaultConfigurationName = Release;
		};
		6F52DA48240726FC00F7196B /* Build configuration list for PBXNativeTarget "MusicByLocationTests" */ = {
			isa = XCConfigurationList;
			buildConfigurations = (
				6F52DA49240726FC00F7196B /* Debug */,
				6F52DA4A240726FC00F7196B /* Release */,
			);
			defaultConfigurationIsVisible = 0;
			defaultConfigurationName = Release;
		};
		6F52DA4B240726FC00F7196B /* Build configuration list for PBXNativeTarget "MusicByLocationUITests" */ = {
			isa = XCConfigurationList;
			buildConfigurations = (
				6F52DA4C240726FC00F7196B /* Debug */,
				6F52DA4D240726FC00F7196B /* Release */,
			);
			defaultConfigurationIsVisible = 0;
			defaultConfigurationName = Release;
		};
/* End XCConfigurationList section */
	};
	rootObject = 6F52DA13240726FA00F7196B /* Project object */;
}
